
Microsoft Visual Studio Solution File, Format Version 12.00
# Visual Studio 14
VisualStudioVersion = 14.0.25420.1
MinimumVisualStudioVersion = 10.0.40219.1
Project("{FAE04EC0-301F-11D3-BF4B-00C04F79EFBC}") = "GrabadorNetEstudios", "GrabadorNetEstudios\GrabadorNetEstudios.csproj", "{110FB37C-D284-4B8A-8C73-A2A81C57FFD3}"
EndProject
Project("{FAE04EC0-301F-11D3-BF4B-00C04F79EFBC}") = "Datos", "Datos\Datos.csproj", "{63B6F6B4-EA88-4A17-AC9F-EB8B8915B3B4}"
EndProject
Project("{FAE04EC0-301F-11D3-BF4B-00C04F79EFBC}") = "Holistor.Proteccion", "Holistor.Proteccion\Holistor.Proteccion.csproj", "{42F016D2-DBA5-4F57-B4F8-EEFC6BFA826D}"
EndProject
Global
	GlobalSection(SolutionConfigurationPlatforms) = preSolution
		Debug|Any CPU = Debug|Any CPU
		Release|Any CPU = Release|Any CPU
	EndGlobalSection
	GlobalSection(ProjectConfigurationPlatforms) = postSolution
		{110FB37C-D284-4B8A-8C73-A2A81C57FFD3}.Debug|Any CPU.ActiveCfg = Debug|Any CPU
		{110FB37C-D284-4B8A-8C73-A2A81C57FFD3}.Debug|Any CPU.Build.0 = Debug|Any CPU
		{110FB37C-D284-4B8A-8C73-A2A81C57FFD3}.Release|Any CPU.ActiveCfg = Release|Any CPU
		{110FB37C-D284-4B8A-8C73-A2A81C57FFD3}.Release|Any CPU.Build.0 = Release|Any CPU
		{63B6F6B4-EA88-4A17-AC9F-EB8B8915B3B4}.Debug|Any CPU.ActiveCfg = Debug|Any CPU
		{63B6F6B4-EA88-4A17-AC9F-EB8B8915B3B4}.Debug|Any CPU.Build.0 = Debug|Any CPU
		{63B6F6B4-EA88-4A17-AC9F-EB8B8915B3B4}.Release|Any CPU.ActiveCfg = Release|Any CPU
		{63B6F6B4-EA88-4A17-AC9F-EB8B8915B3B4}.Release|Any CPU.Build.0 = Release|Any CPU
		{42F016D2-DBA5-4F57-B4F8-EEFC6BFA826D}.Debug|Any CPU.ActiveCfg = Debug|Any CPU
		{42F016D2-DBA5-4F57-B4F8-EEFC6BFA826D}.Debug|Any CPU.Build.0 = Debug|Any CPU
		{42F016D2-DBA5-4F57-B4F8-EEFC6BFA826D}.Release|Any CPU.ActiveCfg = Release|Any CPU
		{42F016D2-DBA5-4F57-B4F8-EEFC6BFA826D}.Release|Any CPU.Build.0 = Release|Any CPU
	EndGlobalSection
	GlobalSection(SolutionProperties) = preSolution
		HideSolutionNode = FALSE
	EndGlobalSection
EndGlobal
